
Microsoft Visual Studio Solution File, Format Version 12.00
# Visual Studio Version 16
VisualStudioVersion = 16.0.30204.135
MinimumVisualStudioVersion = 10.0.40219.1
Project("{FAE04EC0-301F-11D3-BF4B-00C04F79EFBC}") = "MatchStory.WebAPI", "MatchStory.Backend\MatchStory.WebAPI.csproj", "{88492BA3-2ABA-413B-9568-2A276BF03291}"
EndProject
Global
	GlobalSection(SolutionConfigurationPlatforms) = preSolution
		Debug|Any CPU = Debug|Any CPU
		Release|Any CPU = Release|Any CPU
	EndGlobalSection
	GlobalSection(ProjectConfigurationPlatforms) = postSolution
		{88492BA3-2ABA-413B-9568-2A276BF03291}.Debug|Any CPU.ActiveCfg = Debug|Any CPU
		{88492BA3-2ABA-413B-9568-2A276BF03291}.Debug|Any CPU.Build.0 = Debug|Any CPU
		{88492BA3-2ABA-413B-9568-2A276BF03291}.Release|Any CPU.ActiveCfg = Release|Any CPU
		{88492BA3-2ABA-413B-9568-2A276BF03291}.Release|Any CPU.Build.0 = Release|Any CPU
	EndGlobalSection
	GlobalSection(SolutionProperties) = preSolution
		HideSolutionNode = FALSE
	EndGlobalSection
	GlobalSection(ExtensibilityGlobals) = postSolution
		SolutionGuid = {8A57358D-7243-42E6-971E-DC9EAA4516E5}
	EndGlobalSection
EndGlobal
